
Microsoft Visual Studio Solution File, Format Version 12.00
# Visual Studio Version 16
VisualStudioVersion = 16.0.31613.86
MinimumVisualStudioVersion = 10.0.40219.1
Project("{FAE04EC0-301F-11D3-BF4B-00C04F79EFBC}") = "senai.inlock.webApi", "senai.inlock.webApi\senai.inlock.webApi.csproj", "{9AB74630-31AE-410C-B9C2-D56C601B467B}"
EndProject
Global
	GlobalSection(SolutionConfigurationPlatforms) = preSolution
		Debug|Any CPU = Debug|Any CPU
		Release|Any CPU = Release|Any CPU
	EndGlobalSection
	GlobalSection(ProjectConfigurationPlatforms) = postSolution
		{9AB74630-31AE-410C-B9C2-D56C601B467B}.Debug|Any CPU.ActiveCfg = Debug|Any CPU
		{9AB74630-31AE-410C-B9C2-D56C601B467B}.Debug|Any CPU.Build.0 = Debug|Any CPU
		{9AB74630-31AE-410C-B9C2-D56C601B467B}.Release|Any CPU.ActiveCfg = Release|Any CPU
		{9AB74630-31AE-410C-B9C2-D56C601B467B}.Release|Any CPU.Build.0 = Release|Any CPU
	EndGlobalSection
	GlobalSection(SolutionProperties) = preSolution
		HideSolutionNode = FALSE
	EndGlobalSection
	GlobalSection(ExtensibilityGlobals) = postSolution
		SolutionGuid = {D1294C7C-AE91-4DAA-97CD-9CD50925C6D0}
	EndGlobalSection
EndGlobal
